
Microsoft Visual Studio Solution File, Format Version 12.00
# Visual Studio Version 16
VisualStudioVersion = 16.0.29503.13
MinimumVisualStudioVersion = 10.0.40219.1
Project("{2150E333-8FDC-42A3-9474-1A3956D46DE8}") = "src", "src", "{2711EABD-BB60-444C-BF1A-0CA62F5AEC69}"
EndProject
Project("{2150E333-8FDC-42A3-9474-1A3956D46DE8}") = "test", "test", "{A45D94C2-2A75-4472-B393-7B3020AF203F}"
EndProject
Project("{2150E333-8FDC-42A3-9474-1A3956D46DE8}") = "services", "services", "{A709E415-AF41-47D5-8D6B-262B57DC274A}"
EndProject
Project("{9A19103F-16F7-4668-BE54-9A1E7A4F7556}") = "VehicleTracking.Web", "VechileTracking.Web\VehicleTracking.Web.csproj", "{D4470F5C-527B-4782-8FA3-EE367CEEBDF0}"
EndProject
Project("{9A19103F-16F7-4668-BE54-9A1E7A4F7556}") = "VehicleTracking.Core", "VechileTracking.Core\VehicleTracking.Core.csproj", "{7A181D40-7A04-4CC7-A7C9-78D44A4B272C}"
EndProject
Project("{2150E333-8FDC-42A3-9474-1A3956D46DE8}") = "Customer", "Customer", "{A377A445-4DC7-4FE9-94B8-05CE94F16BFB}"
EndProject
Project("{2150E333-8FDC-42A3-9474-1A3956D46DE8}") = "Vehicle", "Vehicle", "{35CE7B7E-2283-4A76-A818-12EB44D67F5D}"
EndProject
Project("{2150E333-8FDC-42A3-9474-1A3956D46DE8}") = "VehicleConnection", "VehicleConnection", "{F3229759-7CCA-4B13-A0A7-5E884E0C942A}"
EndProject
Project("{9A19103F-16F7-4668-BE54-9A1E7A4F7556}") = "VehicleTracking.Customer.API", "VehicleTracking.Customer.API\VehicleTracking.Customer.API.csproj", "{30FE5354-44A7-4598-9C97-ADEECBF81BE5}"
EndProject
Project("{9A19103F-16F7-4668-BE54-9A1E7A4F7556}") = "VehicleTracking.Customer.API.UnitTesting", "VehicleTracking.Customer.API.UnitTest\VehicleTracking.Customer.API.UnitTesting.csproj", "{EA9B5436-D965-46B0-A6B1-7EAD75F916DC}"
EndProject
Project("{9A19103F-16F7-4668-BE54-9A1E7A4F7556}") = "VehicleTracking.Vehicle.API.UnitTesting", "VehicleTracking.Vehicle.API.UnitTesting\VehicleTracking.Vehicle.API.UnitTesting.csproj", "{C3F70880-E08B-4C5A-8B84-462FE12D8000}"
EndProject
Project("{9A19103F-16F7-4668-BE54-9A1E7A4F7556}") = "VehicleTracking.VehicleConnection.API.UnitTesting", "VehicleTracking.VehicleConnection.API.UnitTesting\VehicleTracking.VehicleConnection.API.UnitTesting.csproj", "{B9C69F86-087E-49A0-BE25-BAF1EE2D86AD}"
EndProject
Project("{9A19103F-16F7-4668-BE54-9A1E7A4F7556}") = "VehicleTracking.Vehicle.API", "VehicleTracking.Vehicle.API\VehicleTracking.Vehicle.API.csproj", "{DFE6A133-0F3E-4F67-8AC2-45F0E13B7272}"
EndProject
Project("{9A19103F-16F7-4668-BE54-9A1E7A4F7556}") = "VehicleTracking.VehicleConnection.API", "VehicleTracking.VehicleConnection.API\VehicleTracking.VehicleConnection.API.csproj", "{425AD04E-C94B-4F7C-BBD4-B390494849B0}"
EndProject
Project("{2150E333-8FDC-42A3-9474-1A3956D46DE8}") = "Customer", "Customer", "{DA5B0818-B65D-4081-A546-5D99E0DF245A}"
EndProject
Project("{2150E333-8FDC-42A3-9474-1A3956D46DE8}") = "Vehicle", "Vehicle", "{40D23C90-C653-4EF5-BD7C-9DFE85554CD3}"
EndProject
Project("{2150E333-8FDC-42A3-9474-1A3956D46DE8}") = "VehicleConnection", "VehicleConnection", "{9E58372C-4BE2-47D6-AC90-55DE593BDED5}"
EndProject
Project("{9A19103F-16F7-4668-BE54-9A1E7A4F7556}") = "VehicleTracking.Customer.API.IntegrationTesting", "VehicleTracking.Customer.API.IntegrationTesting\VehicleTracking.Customer.API.IntegrationTesting.csproj", "{36875586-17CC-4400-A99C-6DB45CC6BA2D}"
EndProject
Project("{9A19103F-16F7-4668-BE54-9A1E7A4F7556}") = "VehicleTracking.Vehicle.API.IntegrationTesting", "VehicleTracking.Vehicle.API.IntegrationTesting\VehicleTracking.Vehicle.API.IntegrationTesting.csproj", "{B29D3406-D227-46A8-B4F0-00B78D253589}"
EndProject
Project("{9A19103F-16F7-4668-BE54-9A1E7A4F7556}") = "VehicleTracking.VehicleConnection.API.IntegrationTesting", "VehicleTracking.VehicleConnection.API.IntegrationTesting\VehicleTracking.VehicleConnection.API.IntegrationTesting.csproj", "{C4AF4FF8-2D60-4F14-88EF-C5A003103DFC}"
EndProject
Project("{2150E333-8FDC-42A3-9474-1A3956D46DE8}") = "VehiclePing", "VehiclePing", "{7B61844C-F3A4-44C8-AB03-32DA71D8FAB9}"
EndProject
Project("{9A19103F-16F7-4668-BE54-9A1E7A4F7556}") = "VehicleTracking.VehiclePing.API", "VehicleTracking.VehiclePing.API\VehicleTracking.VehiclePing.API.csproj", "{2017F63A-45F5-4EDD-BDFA-05DDCE137FD2}"
EndProject
Project("{FAE04EC0-301F-11D3-BF4B-00C04F79EFBC}") = "VehicleTracking.VehiclePing.Service", "VehicleTracking.VehiclePing.Service\VehicleTracking.VehiclePing.Service.csproj", "{D03FD319-8094-4600-93ED-8FF1B22464E3}"
EndProject
Global
	GlobalSection(SolutionConfigurationPlatforms) = preSolution
		Debug|Any CPU = Debug|Any CPU
		Release|Any CPU = Release|Any CPU
	EndGlobalSection
	GlobalSection(ProjectConfigurationPlatforms) = postSolution
		{D4470F5C-527B-4782-8FA3-EE367CEEBDF0}.Debug|Any CPU.ActiveCfg = Debug|Any CPU
		{D4470F5C-527B-4782-8FA3-EE367CEEBDF0}.Debug|Any CPU.Build.0 = Debug|Any CPU
		{D4470F5C-527B-4782-8FA3-EE367CEEBDF0}.Release|Any CPU.ActiveCfg = Release|Any CPU
		{D4470F5C-527B-4782-8FA3-EE367CEEBDF0}.Release|Any CPU.Build.0 = Release|Any CPU
		{7A181D40-7A04-4CC7-A7C9-78D44A4B272C}.Debug|Any CPU.ActiveCfg = Debug|Any CPU
		{7A181D40-7A04-4CC7-A7C9-78D44A4B272C}.Debug|Any CPU.Build.0 = Debug|Any CPU
		{7A181D40-7A04-4CC7-A7C9-78D44A4B272C}.Release|Any CPU.ActiveCfg = Release|Any CPU
		{7A181D40-7A04-4CC7-A7C9-78D44A4B272C}.Release|Any CPU.Build.0 = Release|Any CPU
		{30FE5354-44A7-4598-9C97-ADEECBF81BE5}.Debug|Any CPU.ActiveCfg = Debug|Any CPU
		{30FE5354-44A7-4598-9C97-ADEECBF81BE5}.Debug|Any CPU.Build.0 = Debug|Any CPU
		{30FE5354-44A7-4598-9C97-ADEECBF81BE5}.Release|Any CPU.ActiveCfg = Release|Any CPU
		{30FE5354-44A7-4598-9C97-ADEECBF81BE5}.Release|Any CPU.Build.0 = Release|Any CPU
		{EA9B5436-D965-46B0-A6B1-7EAD75F916DC}.Debug|Any CPU.ActiveCfg = Debug|Any CPU
		{EA9B5436-D965-46B0-A6B1-7EAD75F916DC}.Debug|Any CPU.Build.0 = Debug|Any CPU
		{EA9B5436-D965-46B0-A6B1-7EAD75F916DC}.Release|Any CPU.ActiveCfg = Release|Any CPU
		{EA9B5436-D965-46B0-A6B1-7EAD75F916DC}.Release|Any CPU.Build.0 = Release|Any CPU
		{C3F70880-E08B-4C5A-8B84-462FE12D8000}.Debug|Any CPU.ActiveCfg = Debug|Any CPU
		{C3F70880-E08B-4C5A-8B84-462FE12D8000}.Debug|Any CPU.Build.0 = Debug|Any CPU
		{C3F70880-E08B-4C5A-8B84-462FE12D8000}.Release|Any CPU.ActiveCfg = Release|Any CPU
		{C3F70880-E08B-4C5A-8B84-462FE12D8000}.Release|Any CPU.Build.0 = Release|Any CPU
		{B9C69F86-087E-49A0-BE25-BAF1EE2D86AD}.Debug|Any CPU.ActiveCfg = Debug|Any CPU
		{B9C69F86-087E-49A0-BE25-BAF1EE2D86AD}.Debug|Any CPU.Build.0 = Debug|Any CPU
		{B9C69F86-087E-49A0-BE25-BAF1EE2D86AD}.Release|Any CPU.ActiveCfg = Release|Any CPU
		{B9C69F86-087E-49A0-BE25-BAF1EE2D86AD}.Release|Any CPU.Build.0 = Release|Any CPU
		{DFE6A133-0F3E-4F67-8AC2-45F0E13B7272}.Debug|Any CPU.ActiveCfg = Debug|Any CPU
		{DFE6A133-0F3E-4F67-8AC2-45F0E13B7272}.Debug|Any CPU.Build.0 = Debug|Any CPU
		{DFE6A133-0F3E-4F67-8AC2-45F0E13B7272}.Release|Any CPU.ActiveCfg = Release|Any CPU
		{DFE6A133-0F3E-4F67-8AC2-45F0E13B7272}.Release|Any CPU.Build.0 = Release|Any CPU
		{425AD04E-C94B-4F7C-BBD4-B390494849B0}.Debug|Any CPU.ActiveCfg = Debug|Any CPU
		{425AD04E-C94B-4F7C-BBD4-B390494849B0}.Debug|Any CPU.Build.0 = Debug|Any CPU
		{425AD04E-C94B-4F7C-BBD4-B390494849B0}.Release|Any CPU.ActiveCfg = Release|Any CPU
		{425AD04E-C94B-4F7C-BBD4-B390494849B0}.Release|Any CPU.Build.0 = Release|Any CPU
		{36875586-17CC-4400-A99C-6DB45CC6BA2D}.Debug|Any CPU.ActiveCfg = Debug|Any CPU
		{36875586-17CC-4400-A99C-6DB45CC6BA2D}.Debug|Any CPU.Build.0 = Debug|Any CPU
		{36875586-17CC-4400-A99C-6DB45CC6BA2D}.Release|Any CPU.ActiveCfg = Release|Any CPU
		{36875586-17CC-4400-A99C-6DB45CC6BA2D}.Release|Any CPU.Build.0 = Release|Any CPU
		{B29D3406-D227-46A8-B4F0-00B78D253589}.Debug|Any CPU.ActiveCfg = Debug|Any CPU
		{B29D3406-D227-46A8-B4F0-00B78D253589}.Debug|Any CPU.Build.0 = Debug|Any CPU
		{B29D3406-D227-46A8-B4F0-00B78D253589}.Release|Any CPU.ActiveCfg = Release|Any CPU
		{B29D3406-D227-46A8-B4F0-00B78D253589}.Release|Any CPU.Build.0 = Release|Any CPU
		{C4AF4FF8-2D60-4F14-88EF-C5A003103DFC}.Debug|Any CPU.ActiveCfg = Debug|Any CPU
		{C4AF4FF8-2D60-4F14-88EF-C5A003103DFC}.Debug|Any CPU.Build.0 = Debug|Any CPU
		{C4AF4FF8-2D60-4F14-88EF-C5A003103DFC}.Release|Any CPU.ActiveCfg = Release|Any CPU
		{C4AF4FF8-2D60-4F14-88EF-C5A003103DFC}.Release|Any CPU.Build.0 = Release|Any CPU
		{2017F63A-45F5-4EDD-BDFA-05DDCE137FD2}.Debug|Any CPU.ActiveCfg = Debug|Any CPU
		{2017F63A-45F5-4EDD-BDFA-05DDCE137FD2}.Debug|Any CPU.Build.0 = Debug|Any CPU
		{2017F63A-45F5-4EDD-BDFA-05DDCE137FD2}.Release|Any CPU.ActiveCfg = Release|Any CPU
		{2017F63A-45F5-4EDD-BDFA-05DDCE137FD2}.Release|Any CPU.Build.0 = Release|Any CPU
		{D03FD319-8094-4600-93ED-8FF1B22464E3}.Debug|Any CPU.ActiveCfg = Debug|Any CPU
		{D03FD319-8094-4600-93ED-8FF1B22464E3}.Debug|Any CPU.Build.0 = Debug|Any CPU
		{D03FD319-8094-4600-93ED-8FF1B22464E3}.Release|Any CPU.ActiveCfg = Release|Any CPU
		{D03FD319-8094-4600-93ED-8FF1B22464E3}.Release|Any CPU.Build.0 = Release|Any CPU
	EndGlobalSection
	GlobalSection(SolutionProperties) = preSolution
		HideSolutionNode = FALSE
	EndGlobalSection
	GlobalSection(NestedProjects) = preSolution
		{A709E415-AF41-47D5-8D6B-262B57DC274A} = {2711EABD-BB60-444C-BF1A-0CA62F5AEC69}
		{D4470F5C-527B-4782-8FA3-EE367CEEBDF0} = {2711EABD-BB60-444C-BF1A-0CA62F5AEC69}
		{7A181D40-7A04-4CC7-A7C9-78D44A4B272C} = {2711EABD-BB60-444C-BF1A-0CA62F5AEC69}
		{A377A445-4DC7-4FE9-94B8-05CE94F16BFB} = {A709E415-AF41-47D5-8D6B-262B57DC274A}
		{35CE7B7E-2283-4A76-A818-12EB44D67F5D} = {A709E415-AF41-47D5-8D6B-262B57DC274A}
		{F3229759-7CCA-4B13-A0A7-5E884E0C942A} = {A709E415-AF41-47D5-8D6B-262B57DC274A}
		{30FE5354-44A7-4598-9C97-ADEECBF81BE5} = {A377A445-4DC7-4FE9-94B8-05CE94F16BFB}
		{EA9B5436-D965-46B0-A6B1-7EAD75F916DC} = {DA5B0818-B65D-4081-A546-5D99E0DF245A}
		{C3F70880-E08B-4C5A-8B84-462FE12D8000} = {40D23C90-C653-4EF5-BD7C-9DFE85554CD3}
		{B9C69F86-087E-49A0-BE25-BAF1EE2D86AD} = {9E58372C-4BE2-47D6-AC90-55DE593BDED5}
		{DFE6A133-0F3E-4F67-8AC2-45F0E13B7272} = {35CE7B7E-2283-4A76-A818-12EB44D67F5D}
		{425AD04E-C94B-4F7C-BBD4-B390494849B0} = {F3229759-7CCA-4B13-A0A7-5E884E0C942A}
		{DA5B0818-B65D-4081-A546-5D99E0DF245A} = {A45D94C2-2A75-4472-B393-7B3020AF203F}
		{40D23C90-C653-4EF5-BD7C-9DFE85554CD3} = {A45D94C2-2A75-4472-B393-7B3020AF203F}
		{9E58372C-4BE2-47D6-AC90-55DE593BDED5} = {A45D94C2-2A75-4472-B393-7B3020AF203F}
		{36875586-17CC-4400-A99C-6DB45CC6BA2D} = {DA5B0818-B65D-4081-A546-5D99E0DF245A}
		{B29D3406-D227-46A8-B4F0-00B78D253589} = {40D23C90-C653-4EF5-BD7C-9DFE85554CD3}
		{C4AF4FF8-2D60-4F14-88EF-C5A003103DFC} = {9E58372C-4BE2-47D6-AC90-55DE593BDED5}
		{7B61844C-F3A4-44C8-AB03-32DA71D8FAB9} = {A709E415-AF41-47D5-8D6B-262B57DC274A}
		{2017F63A-45F5-4EDD-BDFA-05DDCE137FD2} = {7B61844C-F3A4-44C8-AB03-32DA71D8FAB9}
		{D03FD319-8094-4600-93ED-8FF1B22464E3} = {7B61844C-F3A4-44C8-AB03-32DA71D8FAB9}
	EndGlobalSection
	GlobalSection(ExtensibilityGlobals) = postSolution
		SolutionGuid = {1D963AC7-AA8D-4C28-B4E2-DCD44BB01C01}
	EndGlobalSection
EndGlobal
